
Microsoft Visual Studio Solution File, Format Version 12.00
# Visual Studio Version 17
VisualStudioVersion = 17.6.33801.468
MinimumVisualStudioVersion = 10.0.40219.1
Project("{FAE04EC0-301F-11D3-BF4B-00C04F79EFBC}") = "WindowsForms1806", "WindowsForms1806.csproj", "{AAD59B80-4FE3-4260-9349-CDB54C9A4AC1}"
EndProject
Global
	GlobalSection(SolutionConfigurationPlatforms) = preSolution
		Debug|Any CPU = Debug|Any CPU
		Release|Any CPU = Release|Any CPU
	EndGlobalSection
	GlobalSection(ProjectConfigurationPlatforms) = postSolution
		{AAD59B80-4FE3-4260-9349-CDB54C9A4AC1}.Debug|Any CPU.ActiveCfg = Debug|Any CPU
		{AAD59B80-4FE3-4260-9349-CDB54C9A4AC1}.Debug|Any CPU.Build.0 = Debug|Any CPU
		{AAD59B80-4FE3-4260-9349-CDB54C9A4AC1}.Release|Any CPU.ActiveCfg = Release|Any CPU
		{AAD59B80-4FE3-4260-9349-CDB54C9A4AC1}.Release|Any CPU.Build.0 = Release|Any CPU
	EndGlobalSection
	GlobalSection(SolutionProperties) = preSolution
		HideSolutionNode = FALSE
	EndGlobalSection
	GlobalSection(ExtensibilityGlobals) = postSolution
		SolutionGuid = {5DFBA8B8-4A4D-4910-84CA-C75BC699E97F}
	EndGlobalSection
EndGlobal
